{
  "nodes": {
    "all-cabal-json": {
      "flake": false,
      "locked": {
        "lastModified": 1665552503,
        "narHash": "sha256-r14RmRSwzv5c+bWKUDaze6pXM7nOsiz1H8nvFHJvufc=",
        "owner": "nix-community",
        "repo": "all-cabal-json",
        "rev": "d7c0434eebffb305071404edcf9d5cd99703878e",
        "type": "github"
      },
      "original": {
        "owner": "nix-community",
        "ref": "hackage",
        "repo": "all-cabal-json",
        "type": "github"
      }
    },
    "craftql": {
      "flake": false,
      "locked": {
        "lastModified": 1675370080,
        "narHash": "sha256-SEa2WMqRAEBp6LykiN68WVbnydzHaCZ8Kj8dA0zFdzM=",
        "owner": "yamafaktory",
        "repo": "craftql",
        "rev": "49cbf18940bc5e77621c471bd97b6da7624e97a7",
        "type": "github"
      },
      "original": {
        "owner": "yamafaktory",
        "repo": "craftql",
        "type": "github"
      }
    },
    "crane": {
      "inputs": {
        "flake-compat": "flake-compat",
        "flake-utils": "flake-utils",
        "nixpkgs": [
          "nixpkgs"
        ],
        "rust-overlay": "rust-overlay"
      },
      "locked": {
        "lastModified": 1680063688,
        "narHash": "sha256-hVt0i96VjwxKb/PvPfxM2otfvz923b8JHQ/l5XWeDIM=",
        "owner": "ipetkov",
        "repo": "crane",
        "rev": "6736e8be8e451b49954213241360e3b72529e47f",
        "type": "github"
      },
      "original": {
        "owner": "ipetkov",
        "repo": "crane",
        "type": "github"
      }
    },
    "crane_2": {
      "flake": false,
      "locked": {
        "lastModified": 1670900067,
        "narHash": "sha256-VXVa+KBfukhmWizaiGiHRVX/fuk66P8dgSFfkVN4/MY=",
        "owner": "ipetkov",
        "repo": "crane",
        "rev": "59b31b41a589c0a65e4a1f86b0e5eac68081468b",
        "type": "github"
      },
      "original": {
        "owner": "ipetkov",
        "repo": "crane",
        "type": "github"
      }
    },
    "devshell": {
      "flake": false,
      "locked": {
        "lastModified": 1663445644,
        "narHash": "sha256-+xVlcK60x7VY1vRJbNUEAHi17ZuoQxAIH4S4iUFUGBA=",
        "owner": "numtide",
        "repo": "devshell",
        "rev": "e3dc3e21594fe07bdb24bdf1c8657acaa4cb8f66",
        "type": "github"
      },
      "original": {
        "owner": "numtide",
        "repo": "devshell",
        "type": "github"
      }
    },
    "dream2nix": {
      "inputs": {
        "all-cabal-json": "all-cabal-json",
        "crane": "crane_2",
        "devshell": "devshell",
        "drv-parts": "drv-parts",
        "flake-compat": "flake-compat_2",
        "flake-parts": "flake-parts",
        "flake-utils-pre-commit": "flake-utils-pre-commit",
        "ghc-utils": "ghc-utils",
        "gomod2nix": "gomod2nix",
        "mach-nix": "mach-nix",
        "nix-pypi-fetcher": "nix-pypi-fetcher",
        "nixpkgs": [
          "nixpkgs"
        ],
        "nixpkgsV1": "nixpkgsV1",
        "poetry2nix": "poetry2nix",
        "pre-commit-hooks": "pre-commit-hooks",
        "pruned-racket-catalog": "pruned-racket-catalog"
      },
      "locked": {
        "lastModified": 1680258209,
        "narHash": "sha256-lEo50RXI/17/a9aCIun8Hz62ZJ5JM5RGeTgclIP+Lgc=",
        "owner": "nix-community",
        "repo": "dream2nix",
        "rev": "6f512b5a220fdb26bd3c659f7b55e4f052ec8b35",
        "type": "github"
      },
      "original": {
        "owner": "nix-community",
        "repo": "dream2nix",
        "type": "github"
      }
    },
    "drv-parts": {
      "inputs": {
        "flake-compat": [
          "dream2nix",
          "flake-compat"
        ],
        "flake-parts": [
          "dream2nix",
          "flake-parts"
        ],
        "nixpkgs": [
          "dream2nix",
          "nixpkgs"
        ]
      },
      "locked": {
        "lastModified": 1680172861,
        "narHash": "sha256-QMyI338xRxaHFDlCXdLCtgelGQX2PdlagZALky4ZXJ8=",
        "owner": "davhau",
        "repo": "drv-parts",
        "rev": "ced8a52f62b0a94244713df2225c05c85b416110",
        "type": "github"
      },
      "original": {
        "owner": "davhau",
        "repo": "drv-parts",
        "type": "github"
      }
    },
    "example": {
      "flake": false,
      "locked": {
        "lastModified": 1679563333,
        "narHash": "sha256-oGFMiNdkCSNWc7aoQ+iQE3GN9HSQKkwbzabOroIhP4U=",
        "owner": "structurizr",
        "repo": "examples",
        "rev": "84c796e06b18bb0fed3a79d5fd4df1c11b314e7b",
        "type": "github"
      },
      "original": {
        "owner": "structurizr",
        "repo": "examples",
        "type": "github"
      }
    },
    "flake-compat": {
      "flake": false,
      "locked": {
        "lastModified": 1673956053,
        "narHash": "sha256-4gtG9iQuiKITOjNQQeQIpoIB6b16fm+504Ch3sNKLd8=",
        "owner": "edolstra",
        "repo": "flake-compat",
        "rev": "35bb57c0c8d8b62bbfd284272c928ceb64ddbde9",
        "type": "github"
      },
      "original": {
        "owner": "edolstra",
        "repo": "flake-compat",
        "type": "github"
      }
    },
    "flake-compat_2": {
      "flake": false,
      "locked": {
        "lastModified": 1673956053,
        "narHash": "sha256-4gtG9iQuiKITOjNQQeQIpoIB6b16fm+504Ch3sNKLd8=",
        "owner": "edolstra",
        "repo": "flake-compat",
        "rev": "35bb57c0c8d8b62bbfd284272c928ceb64ddbde9",
        "type": "github"
      },
      "original": {
        "owner": "edolstra",
        "repo": "flake-compat",
        "type": "github"
      }
    },
    "flake-parts": {
      "inputs": {
        "nixpkgs-lib": [
          "dream2nix",
          "nixpkgs"
        ]
      },
      "locked": {
        "lastModified": 1675933616,
        "narHash": "sha256-/rczJkJHtx16IFxMmAWu5nNYcSXNg1YYXTHoGjLrLUA=",
        "owner": "hercules-ci",
        "repo": "flake-parts",
        "rev": "47478a4a003e745402acf63be7f9a092d51b83d7",
        "type": "github"
      },
      "original": {
        "owner": "hercules-ci",
        "repo": "flake-parts",
        "type": "github"
      }
    },
    "flake-utils": {
      "locked": {
        "lastModified": 1676283394,
        "narHash": "sha256-XX2f9c3iySLCw54rJ/CZs+ZK6IQy7GXNY4nSOyu2QG4=",
        "owner": "numtide",
        "repo": "flake-utils",
        "rev": "3db36a8b464d0c4532ba1c7dda728f4576d6d073",
        "type": "github"
      },
      "original": {
        "owner": "numtide",
        "repo": "flake-utils",
        "type": "github"
      }
    },
    "flake-utils-pre-commit": {
      "locked": {
        "lastModified": 1644229661,
        "narHash": "sha256-1YdnJAsNy69bpcjuoKdOYQX0YxZBiCYZo4Twxerqv7k=",
        "owner": "numtide",
        "repo": "flake-utils",
        "rev": "3cecb5b042f7f209c56ffd8371b2711a290ec797",
        "type": "github"
      },
      "original": {
        "owner": "numtide",
        "repo": "flake-utils",
        "type": "github"
      }
    },
    "flake-utils_2": {
      "locked": {
        "lastModified": 1678901627,
        "narHash": "sha256-U02riOqrKKzwjsxc/400XnElV+UtPUQWpANPlyazjH0=",
        "owner": "numtide",
        "repo": "flake-utils",
        "rev": "93a2b84fc4b70d9e089d029deacc3583435c2ed6",
        "type": "github"
      },
      "original": {
        "owner": "numtide",
        "repo": "flake-utils",
        "type": "github"
      }
    },
    "ghc-utils": {
      "flake": false,
      "locked": {
        "lastModified": 1662774800,
        "narHash": "sha256-1Rd2eohGUw/s1tfvkepeYpg8kCEXiIot0RijapUjAkE=",
        "ref": "refs/heads/master",
        "rev": "bb3a2d3dc52ff0253fb9c2812bd7aa2da03e0fea",
        "revCount": 1072,
        "type": "git",
        "url": "https://gitlab.haskell.org/bgamari/ghc-utils"
      },
      "original": {
        "type": "git",
        "url": "https://gitlab.haskell.org/bgamari/ghc-utils"
      }
    },
    "gomod2nix": {
      "flake": false,
      "locked": {
        "lastModified": 1627572165,
        "narHash": "sha256-MFpwnkvQpauj799b4QTBJQFEddbD02+Ln5k92QyHOSk=",
        "owner": "tweag",
        "repo": "gomod2nix",
        "rev": "67f22dd738d092c6ba88e420350ada0ed4992ae8",
        "type": "github"
      },
      "original": {
        "owner": "tweag",
        "repo": "gomod2nix",
        "type": "github"
      }
    },
    "json-to-simple-graphql-schema": {
      "flake": false,
      "locked": {
        "lastModified": 1655583558,
        "narHash": "sha256-3xl+fb2dxOqB3dvofQZ44S31eXcQGYHpFmT9MoREkgY=",
        "owner": "walmartlabs",
        "repo": "json-to-simple-graphql-schema",
        "rev": "f692aba348acb99f6dd4dd4687864b3968669625",
        "type": "github"
      },
      "original": {
        "owner": "walmartlabs",
        "repo": "json-to-simple-graphql-schema",
        "type": "github"
      }
    },
    "jsonschema": {
      "flake": false,
      "locked": {
        "lastModified": 1678029555,
        "narHash": "sha256-p5aH6B7oveS1C6eBCpOHUG2drJUwcrWkmMUi2J0S2Lk=",
        "owner": "structurizr",
        "repo": "json",
        "rev": "14db719e49bb2af6e3fd553269cb36538ff1c7c2",
        "type": "github"
      },
      "original": {
        "owner": "structurizr",
        "repo": "json",
        "type": "github"
      }
    },
    "mach-nix": {
      "flake": false,
      "locked": {
        "lastModified": 1634711045,
        "narHash": "sha256-m5A2Ty88NChLyFhXucECj6+AuiMZPHXNbw+9Kcs7F6Y=",
        "owner": "DavHau",
        "repo": "mach-nix",
        "rev": "4433f74a97b94b596fa6cd9b9c0402104aceef5d",
        "type": "github"
      },
      "original": {
        "id": "mach-nix",
        "type": "indirect"
      }
    },
    "nix-parsec": {
      "locked": {
        "lastModified": 1635533376,
        "narHash": "sha256-/HrG0UPGnI5VdkhrNrpDiM2+nhdL6lD/bqyGtYv0QDE=",
        "owner": "kanwren",
        "repo": "nix-parsec",
        "rev": "1bf25dd9c5de1257a1c67de3c81c96d05e8beb5e",
        "type": "github"
      },
      "original": {
        "owner": "kanwren",
        "repo": "nix-parsec",
        "type": "github"
      }
    },
    "nix-pypi-fetcher": {
      "flake": false,
      "locked": {
        "lastModified": 1669065297,
        "narHash": "sha256-UStjXjNIuIm7SzMOWvuYWIHBkPUKQ8Id63BMJjnIDoA=",
        "owner": "DavHau",
        "repo": "nix-pypi-fetcher",
        "rev": "a9885ac6a091576b5195d547ac743d45a2a615ac",
        "type": "github"
      },
      "original": {
        "owner": "DavHau",
        "repo": "nix-pypi-fetcher",
        "type": "github"
      }
    },
    "nixpkgs": {
      "locked": {
        "lastModified": 1653581809,
        "narHash": "sha256-Uvka0V5MTGbeOfWte25+tfRL3moECDh1VwokWSZUdoY=",
        "owner": "NixOS",
        "repo": "nixpkgs",
        "rev": "83658b28fe638a170a19b8933aa008b30640fbd1",
        "type": "github"
      },
      "original": {
        "owner": "NixOS",
        "repo": "nixpkgs",
        "rev": "83658b28fe638a170a19b8933aa008b30640fbd1",
        "type": "github"
      }
    },
    "nixpkgsV1": {
      "locked": {
        "lastModified": 1678500271,
        "narHash": "sha256-tRBLElf6f02HJGG0ZR7znMNFv/Uf7b2fFInpTHiHaSE=",
        "owner": "NixOS",
        "repo": "nixpkgs",
        "rev": "5eb98948b66de29f899c7fe27ae112a47964baf8",
        "type": "github"
      },
      "original": {
        "id": "nixpkgs",
        "ref": "nixos-22.11",
        "type": "indirect"
      }
    },
    "poetry2nix": {
      "flake": false,
      "locked": {
        "lastModified": 1666918719,
        "narHash": "sha256-BkK42fjAku+2WgCOv2/1NrPa754eQPV7gPBmoKQBWlc=",
        "owner": "nix-community",
        "repo": "poetry2nix",
        "rev": "289efb187123656a116b915206e66852f038720e",
        "type": "github"
      },
      "original": {
        "owner": "nix-community",
        "ref": "1.36.0",
        "repo": "poetry2nix",
        "type": "github"
      }
    },
    "poetry2nix_2": {
      "inputs": {
        "flake-utils": "flake-utils_2",
        "nixpkgs": [
          "nixpkgs"
        ]
      },
      "locked": {
        "lastModified": 1680134979,
        "narHash": "sha256-8LBOnyrk9r1X8LpxZWynIxr97vq8hRqnpo639c2RA40=",
        "owner": "nix-community",
        "repo": "poetry2nix",
        "rev": "dc8c13ab88db829c1b71e6c794d1b295c8031408",
        "type": "github"
      },
      "original": {
        "owner": "nix-community",
        "repo": "poetry2nix",
        "type": "github"
      }
    },
    "pre-commit-hooks": {
      "inputs": {
        "flake-utils": [
          "dream2nix",
          "flake-utils-pre-commit"
        ],
        "nixpkgs": [
          "dream2nix",
          "nixpkgs"
        ]
      },
      "locked": {
        "lastModified": 1646153636,
        "narHash": "sha256-AlWHMzK+xJ1mG267FdT8dCq/HvLCA6jwmx2ZUy5O8tY=",
        "owner": "cachix",
        "repo": "pre-commit-hooks.nix",
        "rev": "b6bc0b21e1617e2b07d8205e7fae7224036dfa4b",
        "type": "github"
      },
      "original": {
        "owner": "cachix",
        "repo": "pre-commit-hooks.nix",
        "type": "github"
      }
    },
    "pruned-racket-catalog": {
      "flake": false,
      "locked": {
        "lastModified": 1672537287,
        "narHash": "sha256-SuOvXVcLfakw18oJB/PuRMyvGyGG1+CQD3R+TGHIv44=",
        "owner": "nix-community",
        "repo": "pruned-racket-catalog",
        "rev": "c8b89557fb53b36efa2ee48a769c7364df0f6262",
        "type": "github"
      },
      "original": {
        "owner": "nix-community",
        "ref": "catalog",
        "repo": "pruned-racket-catalog",
        "type": "github"
      }
    },
    "root": {
      "inputs": {
        "craftql": "craftql",
        "crane": "crane",
        "dream2nix": "dream2nix",
        "example": "example",
        "json-to-simple-graphql-schema": "json-to-simple-graphql-schema",
        "jsonschema": "jsonschema",
        "nix-parsec": "nix-parsec",
        "nixpkgs": "nixpkgs",
        "poetry2nix": "poetry2nix_2"
      }
    },
    "rust-overlay": {
      "inputs": {
        "flake-utils": [
          "crane",
          "flake-utils"
        ],
        "nixpkgs": [
          "crane",
          "nixpkgs"
        ]
      },
      "locked": {
        "lastModified": 1677812689,
        "narHash": "sha256-EakqhgRnjVeYJv5+BJx/NZ7/eFTMBxc4AhICUNquhUg=",
        "owner": "oxalica",
        "repo": "rust-overlay",
        "rev": "e53e8853aa7b0688bc270e9e6a681d22e01cf299",
        "type": "github"
      },
      "original": {
        "owner": "oxalica",
        "repo": "rust-overlay",
        "type": "github"
      }
    }
  },
  "root": "root",
  "version": 7
}
